
Microsoft Visual Studio Solution File, Format Version 12.00
# Visual Studio 15
VisualStudioVersion = 15.0.27703.2035
MinimumVisualStudioVersion = 10.0.40219.1
Project("{9A19103F-16F7-4668-BE54-9A1E7A4F7556}") = "JCCPokemon", "JCCPokemon\JCCPokemon.csproj", "{B690992A-72DA-489E-9EF6-EB6822BD9E67}"
EndProject
Project("{9A19103F-16F7-4668-BE54-9A1E7A4F7556}") = "JCCP.AuthentificationConnector", "JCCP.CollectorConnector\JCCP.AuthentificationConnector.csproj", "{756B24A9-7060-417B-9AB6-6EE2F2E0D9BE}"
EndProject
Project("{9A19103F-16F7-4668-BE54-9A1E7A4F7556}") = "JCCP.SqlConnector", "JCCP.SqlConnector\JCCP.SqlConnector.csproj", "{F5AECAEA-4EC4-4C57-8328-4406398AC557}"
EndProject
Project("{FAE04EC0-301F-11D3-BF4B-00C04F79EFBC}") = "BlocConnector", "BlocConnector\BlocConnector.csproj", "{49822B0A-0CBD-47AD-8F40-11BB9B014F4A}"
EndProject
Global
	GlobalSection(SolutionConfigurationPlatforms) = preSolution
		Debug|Any CPU = Debug|Any CPU
		Release|Any CPU = Release|Any CPU
	EndGlobalSection
	GlobalSection(ProjectConfigurationPlatforms) = postSolution
		{B690992A-72DA-489E-9EF6-EB6822BD9E67}.Debug|Any CPU.ActiveCfg = Debug|Any CPU
		{B690992A-72DA-489E-9EF6-EB6822BD9E67}.Debug|Any CPU.Build.0 = Debug|Any CPU
		{B690992A-72DA-489E-9EF6-EB6822BD9E67}.Release|Any CPU.ActiveCfg = Release|Any CPU
		{B690992A-72DA-489E-9EF6-EB6822BD9E67}.Release|Any CPU.Build.0 = Release|Any CPU
		{756B24A9-7060-417B-9AB6-6EE2F2E0D9BE}.Debug|Any CPU.ActiveCfg = Debug|Any CPU
		{756B24A9-7060-417B-9AB6-6EE2F2E0D9BE}.Debug|Any CPU.Build.0 = Debug|Any CPU
		{756B24A9-7060-417B-9AB6-6EE2F2E0D9BE}.Release|Any CPU.ActiveCfg = Release|Any CPU
		{756B24A9-7060-417B-9AB6-6EE2F2E0D9BE}.Release|Any CPU.Build.0 = Release|Any CPU
		{F5AECAEA-4EC4-4C57-8328-4406398AC557}.Debug|Any CPU.ActiveCfg = Debug|Any CPU
		{F5AECAEA-4EC4-4C57-8328-4406398AC557}.Debug|Any CPU.Build.0 = Debug|Any CPU
		{F5AECAEA-4EC4-4C57-8328-4406398AC557}.Release|Any CPU.ActiveCfg = Release|Any CPU
		{F5AECAEA-4EC4-4C57-8328-4406398AC557}.Release|Any CPU.Build.0 = Release|Any CPU
		{49822B0A-0CBD-47AD-8F40-11BB9B014F4A}.Debug|Any CPU.ActiveCfg = Debug|Any CPU
		{49822B0A-0CBD-47AD-8F40-11BB9B014F4A}.Debug|Any CPU.Build.0 = Debug|Any CPU
		{49822B0A-0CBD-47AD-8F40-11BB9B014F4A}.Release|Any CPU.ActiveCfg = Release|Any CPU
		{49822B0A-0CBD-47AD-8F40-11BB9B014F4A}.Release|Any CPU.Build.0 = Release|Any CPU
	EndGlobalSection
	GlobalSection(SolutionProperties) = preSolution
		HideSolutionNode = FALSE
	EndGlobalSection
	GlobalSection(ExtensibilityGlobals) = postSolution
		SolutionGuid = {B32D3DC3-73BB-4DF4-BAE2-459F318DC1B6}
	EndGlobalSection
EndGlobal
